// !$*UTF8*$!
{
	archiveVersion = 1;
	classes = {
	};
	objectVersion = 46;
	objects = {

/* Begin PBXBuildFile section */
		6962D4921C628479000369CA /* AppDelegate.swift in Sources */ = {isa = PBXBuildFile; fileRef = 6962D4911C628479000369CA /* AppDelegate.swift */; };
		6962D4941C628479000369CA /* ViewController.swift in Sources */ = {isa = PBXBuildFile; fileRef = 6962D4931C628479000369CA /* ViewController.swift */; };
		6962D4971C628479000369CA /* Main.storyboard in Resources */ = {isa = PBXBuildFile; fileRef = 6962D4951C628479000369CA /* Main.storyboard */; };
		6962D4991C628479000369CA /* Assets.xcassets in Resources */ = {isa = PBXBuildFile; fileRef = 6962D4981C628479000369CA /* Assets.xcassets */; };
		6962D49C1C628479000369CA /* LaunchScreen.storyboard in Resources */ = {isa = PBXBuildFile; fileRef = 6962D49A1C628479000369CA /* LaunchScreen.storyboard */; };
/* End PBXBuildFile section */

/* Begin PBXFileReference section */
		6962D48E1C628479000369CA /* Stack-Exercise.app */ = {isa = PBXFileReference; explicitFileType = wrapper.application; includeInIndex = 0; path = "Stack-Exercise.app"; sourceTree = BUILT_PRODUCTS_DIR; };
		6962D4911C628479000369CA /* AppDelegate.swift */ = {isa = PBXFileReference; lastKnownFileType = sourcecode.swift; path = AppDelegate.swift; sourceTree = "<group>"; };
		6962D4931C628479000369CA /* ViewController.swift */ = {isa = PBXFileReference; lastKnownFileType = sourcecode.swift; path = ViewController.swift; sourceTree = "<group>"; };
		6962D4961C628479000369CA /* Base */ = {isa = PBXFileReference; lastKnownFileType = file.storyboard; name = Base; path = Base.lproj/Main.storyboard; sourceTree = "<group>"; };
		6962D4981C628479000369CA /* Assets.xcassets */ = {isa = PBXFileReference; lastKnownFileType = folder.assetcatalog; path = Assets.xcassets; sourceTree = "<group>"; };
		6962D49B1C628479000369CA /* Base */ = {isa = PBXFileReference; lastKnownFileType = file.storyboard; name = Base; path = Base.lproj/LaunchScreen.storyboard; sourceTree = "<group>"; };
		6962D49D1C628479000369CA /* Info.plist */ = {isa = PBXFileReference; lastKnownFileType = text.plist.xml; path = Info.plist; sourceTree = "<group>"; };
/* End PBXFileReference section */

/* Begin PBXFrameworksBuildPhase section */
		6962D48B1C628479000369CA /* Frameworks */ = {
			isa = PBXFrameworksBuildPhase;
			buildActionMask = 2147483647;
			files = (
			);
			runOnlyForDeploymentPostprocessing = 0;
		};
/* End PBXFrameworksBuildPhase section */

/* Begin PBXGroup section */
		6962D4851C628479000369CA = {
			isa = PBXGroup;
			children = (
				6962D4901C628479000369CA /* Stack-Exercise */,
				6962D48F1C628479000369CA /* Products */,
			);
			sourceTree = "<group>";
		};
		6962D48F1C628479000369CA /* Products */ = {
			isa = PBXGroup;
			children = (
				6962D48E1C628479000369CA /* Stack-Exercise.app */,
			);
			name = Products;
			sourceTree = "<group>";
		};
		6962D4901C628479000369CA /* Stack-Exercise */ = {
			isa = PBXGroup;
			children = (
				6962D4911C628479000369CA /* AppDelegate.swift */,
				6962D4931C628479000369CA /* ViewController.swift */,
				6962D4951C628479000369CA /* Main.storyboard */,
				6962D4981C628479000369CA /* Assets.xcassets */,
				6962D49A1C628479000369CA /* LaunchScreen.storyboard */,
				6962D49D1C628479000369CA /* Info.plist */,
			);
			path = "Stack-Exercise";
			sourceTree = "<group>";
		};
/* End PBXGroup section */

/* Begin PBXNativeTarget section */
		6962D48D1C628479000369CA /* Stack-Exercise */ = {
			isa = PBXNativeTarget;
			buildConfigurationList = 6962D4A01C628479000369CA /* Build configuration list for PBXNativeTarget "Stack-Exercise" */;
			buildPhases = (
				6962D48A1C628479000369CA /* Sources */,
				6962D48B1C628479000369CA /* Frameworks */,
				6962D48C1C628479000369CA /* Resources */,
			);
			buildRules = (
			);
			dependencies = (
			);
			name = "Stack-Exercise";
			productName = "Stack-Exercise";
			productReference = 6962D48E1C628479000369CA /* Stack-Exercise.app */;
			productType = "com.apple.product-type.application";
		};
/* End PBXNativeTarget section */

/* Begin PBXProject section */
		6962D4861C628479000369CA /* Project object */ = {
			isa = PBXProject;
			attributes = {
				LastSwiftUpdateCheck = 0720;
				LastUpgradeCheck = 0720;
				ORGANIZATIONNAME = rolp;
				TargetAttributes = {
					6962D48D1C628479000369CA = {
						CreatedOnToolsVersion = 7.2;
						DevelopmentTeam = MGX2XCNU48;
					};
				};
			};
			buildConfigurationList = 6962D4891C628479000369CA /* Build configuration list for PBXProject "Stack-Exercise" */;
			compatibilityVersion = "Xcode 3.2";
			developmentRegion = English;
			hasScannedForEncodings = 0;
			knownRegions = (
				en,
				Base,
			);
			mainGroup = 6962D4851C628479000369CA;
			productRefGroup = 6962D48F1C628479000369CA /* Products */;
			projectDirPath = "";
			projectRoot = "";
			targets = (
				6962D48D1C628479000369CA /* Stack-Exercise */,
			);
		};
/* End PBXProject section */

/* Begin PBXResourcesBuildPhase section */
		6962D48C1C628479000369CA /* Resources */ = {
			isa = PBXResourcesBuildPhase;
			buildActionMask = 2147483647;
			files = (
				6962D49C1C628479000369CA /* LaunchScreen.storyboard in Resources */,
				6962D4991C628479000369CA /* Assets.xcassets in Resources */,
				6962D4971C628479000369CA /* Main.storyboard in Resources */,
			);
			runOnlyForDeploymentPostprocessing = 0;
		};
/* End PBXResourcesBuildPhase section */

/* Begin PBXSourcesBuildPhase section */
		6962D48A1C628479000369CA /* Sources */ = {
			isa = PBXSourcesBuildPhase;
			buildActionMask = 2147483647;
			files = (
				6962D4941C628479000369CA /* ViewController.swift in Sources */,
				6962D4921C628479000369CA /* AppDelegate.swift in Sources */,
			);
			runOnlyForDeploymentPostprocessing = 0;
		};
/* End PBXSourcesBuildPhase section */

/* Begin PBXVariantGroup section */
		6962D4951C628479000369CA /* Main.storyboard */ = {
			isa = PBXVariantGroup;
			children = (
				6962D4961C628479000369CA /* Base */,
			);
			name = Main.storyboard;
			sourceTree = "<group>";
		};
		6962D49A1C628479000369CA /* LaunchScreen.storyboard */ = {
			isa = PBXVariantGroup;
			children = (
				6962D49B1C628479000369CA /* Base */,
			);
			name = LaunchScreen.storyboard;
			sourceTree = "<group>";
		};
/* End PBXVariantGroup section */

/* Begin XCBuildConfiguration section */
		6962D49E1C628479000369CA /* Debug */ = {
			isa = XCBuildConfiguration;
			buildSettings = {
				ALWAYS_SEARCH_USER_PATHS = NO;
				CLANG_CXX_LANGUAGE_STANDARD = "gnu++0x";
				CLANG_CXX_LIBRARY = "libc++";
				CLANG_ENABLE_MODULES = YES;
				CLANG_ENABLE_OBJC_ARC = YES;
				CLANG_WARN_BOOL_CONVERSION = YES;
				CLANG_WARN_CONSTANT_CONVERSION = YES;
				CLANG_WARN_DIRECT_OBJC_ISA_USAGE = YES_ERROR;
				CLANG_WARN_EMPTY_BODY = YES;
				CLANG_WARN_ENUM_CONVERSION = YES;
				CLANG_WARN_INT_CONVERSION = YES;
				CLANG_WARN_OBJC_ROOT_CLASS = YES_ERROR;
				CLANG_WARN_UNREACHABLE_CODE = YES;
				CLANG_WARN__DUPLICATE_METHOD_MATCH = YES;
				"CODE_SIGN_IDENTITY[sdk=iphoneos*]" = "iPhone Developer";
				COPY_PHASE_STRIP = NO;
				DEBUG_INFORMATION_FORMAT = dwarf;
				ENABLE_STRICT_OBJC_MSGSEND = YES;
				ENABLE_TESTABILITY = YES;
				GCC_C_LANGUAGE_STANDARD = gnu99;
				GCC_DYNAMIC_NO_PIC = NO;
				GCC_NO_COMMON_BLOCKS = YES;
				GCC_OPTIMIZATION_LEVEL = 0;
				GCC_PREPROCESSOR_DEFINITIONS = (
					"DEBUG=1",
					"$(inherited)",
				);
				GCC_WARN_64_TO_32_BIT_CONVERSION = YES;
				GCC_WARN_ABOUT_RETURN_TYPE = YES_ERROR;
				GCC_WARN_UNDECLARED_SELECTOR = YES;
				GCC_WARN_UNINITIALIZED_AUTOS = YES_AGGRESSIVE;
				GCC_WARN_UNUSED_FUNCTION = YES;
				GCC_WARN_UNUSED_VARIABLE = YES;
				IPHONEOS_DEPLOYMENT_TARGET = 9.2;
				MTL_ENABLE_DEBUG_INFO = YES;
				ONLY_ACTIVE_ARCH = YES;
				SDKROOT = iphoneos;
				SWIFT_OPTIMIZATION_LEVEL = "-Onone";
				TARGETED_DEVICE_FAMILY = "1,2";
			};
			name = Debug;
		};
		6962D49F1C628479000369CA /* Release */ = {
			isa = XCBuildConfiguration;
			buildSettings = {
				ALWAYS_SEARCH_USER_PATHS = NO;
				CLANG_CXX_LANGUAGE_STANDARD = "gnu++0x";
				CLANG_CXX_LIBRARY = "libc++";
				CLANG_ENABLE_MODULES = YES;
				CLANG_ENABLE_OBJC_ARC = YES;
				CLANG_WARN_BOOL_CONVERSION = YES;
				CLANG_WARN_CONSTANT_CONVERSION = YES;
				CLANG_WARN_DIRECT_OBJC_ISA_USAGE = YES_ERROR;
				CLANG_WARN_EMPTY_BODY = YES;
				CLANG_WARN_ENUM_CONVERSION = YES;
				CLANG_WARN_INT_CONVERSION = YES;
				CLANG_WARN_OBJC_ROOT_CLASS = YES_ERROR;
				CLANG_WARN_UNREACHABLE_CODE = YES;
				CLANG_WARN__DUPLICATE_METHOD_MATCH = YES;
				"CODE_SIGN_IDENTITY[sdk=iphoneos*]" = "iPhone Developer";
				COPY_PHASE_STRIP = NO;
				DEBUG_INFORMATION_FORMAT = "dwarf-with-dsym";
				ENABLE_NS_ASSERTIONS = NO;
				ENABLE_STRICT_OBJC_MSGSEND = YES;
				GCC_C_LANGUAGE_STANDARD = gnu99;
				GCC_NO_COMMON_BLOCKS = YES;
				GCC_WARN_64_TO_32_BIT_CONVERSION = YES;
				GCC_WARN_ABOUT_RETURN_TYPE = YES_ERROR;
				GCC_WARN_UNDECLARED_SELECTOR = YES;
				GCC_WARN_UNINITIALIZED_AUTOS = YES_AGGRESSIVE;
				GCC_WARN_UNUSED_FUNCTION = YES;
				GCC_WARN_UNUSED_VARIABLE = YES;
				IPHONEOS_DEPLOYMENT_TARGET = 9.2;
				MTL_ENABLE_DEBUG_INFO = NO;
				SDKROOT = iphoneos;
				TARGETED_DEVICE_FAMILY = "1,2";
				VALIDATE_PRODUCT = YES;
			};
			name = Release;
		};
		6962D4A11C628479000369CA /* Debug */ = {
			isa = XCBuildConfiguration;
			buildSettings = {
				ASSETCATALOG_COMPILER_APPICON_NAME = AppIcon;
				INFOPLIST_FILE = "Stack-Exercise/Info.plist";
				LD_RUNPATH_SEARCH_PATHS = "$(inherited) @executable_path/Frameworks";
				PRODUCT_BUNDLE_IDENTIFIER = "com.rolp.Stack-Exercise";
				PRODUCT_NAME = "$(TARGET_NAME)";
			};
			name = Debug;
		};
		6962D4A21C628479000369CA /* Release */ = {
			isa = XCBuildConfiguration;
			buildSettings = {
				ASSETCATALOG_COMPILER_APPICON_NAME = AppIcon;
				INFOPLIST_FILE = "Stack-Exercise/Info.plist";
				LD_RUNPATH_SEARCH_PATHS = "$(inherited) @executable_path/Frameworks";
				PRODUCT_BUNDLE_IDENTIFIER = "com.rolp.Stack-Exercise";
				PRODUCT_NAME = "$(TARGET_NAME)";
			};
			name = Release;
		};
/* End XCBuildConfiguration section */

/* Begin XCConfigurationList section */
		6962D4891C628479000369CA /* Build configuration list for PBXProject "Stack-Exercise" */ = {
			isa = XCConfigurationList;
			buildConfigurations = (
				6962D49E1C628479000369CA /* Debug */,
				6962D49F1C628479000369CA /* Release */,
			);
			defaultConfigurationIsVisible = 0;
			defaultConfigurationName = Release;
		};
		6962D4A01C628479000369CA /* Build configuration list for PBXNativeTarget "Stack-Exercise" */ = {
			isa = XCConfigurationList;
			buildConfigurations = (
				6962D4A11C628479000369CA /* Debug */,
				6962D4A21C628479000369CA /* Release */,
			);
			defaultConfigurationIsVisible = 0;
		};
/* End XCConfigurationList section */
	};
	rootObject = 6962D4861C628479000369CA /* Project object */;
}
